
Microsoft Visual Studio Solution File, Format Version 12.00
# Visual Studio Version 17
VisualStudioVersion = 17.2.32526.322
MinimumVisualStudioVersion = 10.0.40219.1
Project("{9A19103F-16F7-4668-BE54-9A1E7A4F7556}") = "MonoGame.Framework.WindowsDX", "D:\Visual Studio Projects\MonoGame\MonoGame.Framework\MonoGame.Framework.WindowsDX.csproj", "{865EFC51-7201-4B41-ADC3-D54F14C7CD8A}"
EndProject
Project("{9A19103F-16F7-4668-BE54-9A1E7A4F7556}") = "FPXCore", "FPXCore\FPXCore.csproj", "{0B22FBB7-4A77-48A7-9A45-BEE782314CBF}"
	ProjectSection(ProjectDependencies) = postProject
		{A9DF5E3C-AAD6-4640-AAA1-65B3E7DA290B} = {A9DF5E3C-AAD6-4640-AAA1-65B3E7DA290B}
		{E33206F4-8426-43E8-AC44-1D2371C99E30} = {E33206F4-8426-43E8-AC44-1D2371C99E30}
	EndProjectSection
EndProject
Project("{9A19103F-16F7-4668-BE54-9A1E7A4F7556}") = "FPX.ComponentModel", "FPX.ComponentModel\FPX.ComponentModel.csproj", "{F9A42891-29A3-4915-BC7A-E8917FA454EF}"
	ProjectSection(ProjectDependencies) = postProject
		{E2240C6A-4D97-434B-831D-C9F87ADFB5E3} = {E2240C6A-4D97-434B-831D-C9F87ADFB5E3}
	EndProjectSection
EndProject
Project("{9A19103F-16F7-4668-BE54-9A1E7A4F7556}") = "LodeOBJ", "LodeOBJ\LodeOBJ.csproj", "{E2240C6A-4D97-434B-831D-C9F87ADFB5E3}"
EndProject
Project("{FAE04EC0-301F-11D3-BF4B-00C04F79EFBC}") = "Crom.Controls.Docking", "Crom.Controls.Docking\Crom.Controls.Docking.csproj", "{A9DF5E3C-AAD6-4640-AAA1-65B3E7DA290B}"
EndProject
Project("{F184B08F-C81C-45F6-A57F-5ABD9991F28F}") = "Scripts", "Scripts\Scripts.vbproj", "{E33206F4-8426-43E8-AC44-1D2371C99E30}"
EndProject
Global
	GlobalSection(SolutionConfigurationPlatforms) = preSolution
		Debug|Any CPU = Debug|Any CPU
		Debug|x64 = Debug|x64
		Debug|x86 = Debug|x86
		Release|Any CPU = Release|Any CPU
		Release|x64 = Release|x64
		Release|x86 = Release|x86
	EndGlobalSection
	GlobalSection(ProjectConfigurationPlatforms) = postSolution
		{865EFC51-7201-4B41-ADC3-D54F14C7CD8A}.Debug|Any CPU.ActiveCfg = Debug|Any CPU
		{865EFC51-7201-4B41-ADC3-D54F14C7CD8A}.Debug|Any CPU.Build.0 = Debug|Any CPU
		{865EFC51-7201-4B41-ADC3-D54F14C7CD8A}.Debug|x64.ActiveCfg = Debug|Any CPU
		{865EFC51-7201-4B41-ADC3-D54F14C7CD8A}.Debug|x64.Build.0 = Debug|Any CPU
		{865EFC51-7201-4B41-ADC3-D54F14C7CD8A}.Debug|x86.ActiveCfg = Debug|Any CPU
		{865EFC51-7201-4B41-ADC3-D54F14C7CD8A}.Debug|x86.Build.0 = Debug|Any CPU
		{865EFC51-7201-4B41-ADC3-D54F14C7CD8A}.Release|Any CPU.ActiveCfg = Release|Any CPU
		{865EFC51-7201-4B41-ADC3-D54F14C7CD8A}.Release|Any CPU.Build.0 = Release|Any CPU
		{865EFC51-7201-4B41-ADC3-D54F14C7CD8A}.Release|x64.ActiveCfg = Release|Any CPU
		{865EFC51-7201-4B41-ADC3-D54F14C7CD8A}.Release|x64.Build.0 = Release|Any CPU
		{865EFC51-7201-4B41-ADC3-D54F14C7CD8A}.Release|x86.ActiveCfg = Release|Any CPU
		{865EFC51-7201-4B41-ADC3-D54F14C7CD8A}.Release|x86.Build.0 = Release|Any CPU
		{0B22FBB7-4A77-48A7-9A45-BEE782314CBF}.Debug|Any CPU.ActiveCfg = Debug|Any CPU
		{0B22FBB7-4A77-48A7-9A45-BEE782314CBF}.Debug|Any CPU.Build.0 = Debug|Any CPU
		{0B22FBB7-4A77-48A7-9A45-BEE782314CBF}.Debug|x64.ActiveCfg = Debug|Any CPU
		{0B22FBB7-4A77-48A7-9A45-BEE782314CBF}.Debug|x64.Build.0 = Debug|Any CPU
		{0B22FBB7-4A77-48A7-9A45-BEE782314CBF}.Debug|x86.ActiveCfg = Debug|Any CPU
		{0B22FBB7-4A77-48A7-9A45-BEE782314CBF}.Debug|x86.Build.0 = Debug|Any CPU
		{0B22FBB7-4A77-48A7-9A45-BEE782314CBF}.Release|Any CPU.ActiveCfg = Release|Any CPU
		{0B22FBB7-4A77-48A7-9A45-BEE782314CBF}.Release|Any CPU.Build.0 = Release|Any CPU
		{0B22FBB7-4A77-48A7-9A45-BEE782314CBF}.Release|x64.ActiveCfg = Release|Any CPU
		{0B22FBB7-4A77-48A7-9A45-BEE782314CBF}.Release|x64.Build.0 = Release|Any CPU
		{0B22FBB7-4A77-48A7-9A45-BEE782314CBF}.Release|x86.ActiveCfg = Release|Any CPU
		{0B22FBB7-4A77-48A7-9A45-BEE782314CBF}.Release|x86.Build.0 = Release|Any CPU
		{F9A42891-29A3-4915-BC7A-E8917FA454EF}.Debug|Any CPU.ActiveCfg = Debug|Any CPU
		{F9A42891-29A3-4915-BC7A-E8917FA454EF}.Debug|Any CPU.Build.0 = Debug|Any CPU
		{F9A42891-29A3-4915-BC7A-E8917FA454EF}.Debug|x64.ActiveCfg = Debug|Any CPU
		{F9A42891-29A3-4915-BC7A-E8917FA454EF}.Debug|x64.Build.0 = Debug|Any CPU
		{F9A42891-29A3-4915-BC7A-E8917FA454EF}.Debug|x86.ActiveCfg = Debug|Any CPU
		{F9A42891-29A3-4915-BC7A-E8917FA454EF}.Debug|x86.Build.0 = Debug|Any CPU
		{F9A42891-29A3-4915-BC7A-E8917FA454EF}.Release|Any CPU.ActiveCfg = Release|Any CPU
		{F9A42891-29A3-4915-BC7A-E8917FA454EF}.Release|Any CPU.Build.0 = Release|Any CPU
		{F9A42891-29A3-4915-BC7A-E8917FA454EF}.Release|x64.ActiveCfg = Release|Any CPU
		{F9A42891-29A3-4915-BC7A-E8917FA454EF}.Release|x64.Build.0 = Release|Any CPU
		{F9A42891-29A3-4915-BC7A-E8917FA454EF}.Release|x86.ActiveCfg = Release|Any CPU
		{F9A42891-29A3-4915-BC7A-E8917FA454EF}.Release|x86.Build.0 = Release|Any CPU
		{E2240C6A-4D97-434B-831D-C9F87ADFB5E3}.Debug|Any CPU.ActiveCfg = Debug|Any CPU
		{E2240C6A-4D97-434B-831D-C9F87ADFB5E3}.Debug|Any CPU.Build.0 = Debug|Any CPU
		{E2240C6A-4D97-434B-831D-C9F87ADFB5E3}.Debug|x64.ActiveCfg = Debug|Any CPU
		{E2240C6A-4D97-434B-831D-C9F87ADFB5E3}.Debug|x64.Build.0 = Debug|Any CPU
		{E2240C6A-4D97-434B-831D-C9F87ADFB5E3}.Debug|x86.ActiveCfg = Debug|Any CPU
		{E2240C6A-4D97-434B-831D-C9F87ADFB5E3}.Debug|x86.Build.0 = Debug|Any CPU
		{E2240C6A-4D97-434B-831D-C9F87ADFB5E3}.Release|Any CPU.ActiveCfg = Release|Any CPU
		{E2240C6A-4D97-434B-831D-C9F87ADFB5E3}.Release|Any CPU.Build.0 = Release|Any CPU
		{E2240C6A-4D97-434B-831D-C9F87ADFB5E3}.Release|x64.ActiveCfg = Release|Any CPU
		{E2240C6A-4D97-434B-831D-C9F87ADFB5E3}.Release|x64.Build.0 = Release|Any CPU
		{E2240C6A-4D97-434B-831D-C9F87ADFB5E3}.Release|x86.ActiveCfg = Release|Any CPU
		{E2240C6A-4D97-434B-831D-C9F87ADFB5E3}.Release|x86.Build.0 = Release|Any CPU
		{A9DF5E3C-AAD6-4640-AAA1-65B3E7DA290B}.Debug|Any CPU.ActiveCfg = Debug|Any CPU
		{A9DF5E3C-AAD6-4640-AAA1-65B3E7DA290B}.Debug|Any CPU.Build.0 = Debug|Any CPU
		{A9DF5E3C-AAD6-4640-AAA1-65B3E7DA290B}.Debug|x64.ActiveCfg = Debug|Any CPU
		{A9DF5E3C-AAD6-4640-AAA1-65B3E7DA290B}.Debug|x64.Build.0 = Debug|Any CPU
		{A9DF5E3C-AAD6-4640-AAA1-65B3E7DA290B}.Debug|x86.ActiveCfg = Debug|Any CPU
		{A9DF5E3C-AAD6-4640-AAA1-65B3E7DA290B}.Debug|x86.Build.0 = Debug|Any CPU
		{A9DF5E3C-AAD6-4640-AAA1-65B3E7DA290B}.Release|Any CPU.ActiveCfg = Release|Any CPU
		{A9DF5E3C-AAD6-4640-AAA1-65B3E7DA290B}.Release|Any CPU.Build.0 = Release|Any CPU
		{A9DF5E3C-AAD6-4640-AAA1-65B3E7DA290B}.Release|x64.ActiveCfg = Release|Any CPU
		{A9DF5E3C-AAD6-4640-AAA1-65B3E7DA290B}.Release|x64.Build.0 = Release|Any CPU
		{A9DF5E3C-AAD6-4640-AAA1-65B3E7DA290B}.Release|x86.ActiveCfg = Release|Any CPU
		{A9DF5E3C-AAD6-4640-AAA1-65B3E7DA290B}.Release|x86.Build.0 = Release|Any CPU
		{E33206F4-8426-43E8-AC44-1D2371C99E30}.Debug|Any CPU.ActiveCfg = Debug|Any CPU
		{E33206F4-8426-43E8-AC44-1D2371C99E30}.Debug|Any CPU.Build.0 = Debug|Any CPU
		{E33206F4-8426-43E8-AC44-1D2371C99E30}.Debug|x64.ActiveCfg = Debug|Any CPU
		{E33206F4-8426-43E8-AC44-1D2371C99E30}.Debug|x64.Build.0 = Debug|Any CPU
		{E33206F4-8426-43E8-AC44-1D2371C99E30}.Debug|x86.ActiveCfg = Debug|Any CPU
		{E33206F4-8426-43E8-AC44-1D2371C99E30}.Debug|x86.Build.0 = Debug|Any CPU
		{E33206F4-8426-43E8-AC44-1D2371C99E30}.Release|Any CPU.ActiveCfg = Release|Any CPU
		{E33206F4-8426-43E8-AC44-1D2371C99E30}.Release|Any CPU.Build.0 = Release|Any CPU
		{E33206F4-8426-43E8-AC44-1D2371C99E30}.Release|x64.ActiveCfg = Release|Any CPU
		{E33206F4-8426-43E8-AC44-1D2371C99E30}.Release|x64.Build.0 = Release|Any CPU
		{E33206F4-8426-43E8-AC44-1D2371C99E30}.Release|x86.ActiveCfg = Release|Any CPU
		{E33206F4-8426-43E8-AC44-1D2371C99E30}.Release|x86.Build.0 = Release|Any CPU
	EndGlobalSection
	GlobalSection(SolutionProperties) = preSolution
		HideSolutionNode = FALSE
	EndGlobalSection
	GlobalSection(ExtensibilityGlobals) = postSolution
		SolutionGuid = {06E3B007-71CF-4434-AA3D-93924D6B9CA9}
	EndGlobalSection
EndGlobal
